<?xml version="1.0" encoding="utf-8"?>
<Project ToolsVersion="4.0" xmlns="http://schemas.microsoft.com/developer/msbuild/2003">
  <ItemGroup>
    <Filter Include="Source Files">
      <UniqueIdentifier>{4FC737F1-C7A5-4376-A066-2A32D752A2FF}</UniqueIdentifier>
      <Extensions>cpp;c;cc;cxx;def;odl;idl;hpj;bat;asm;asmx</Extensions>
    </Filter>
    <Filter Include="Header Files">
      <UniqueIdentifier>{93995380-89BD-4b04-88EB-625FBE52EBFB}</UniqueIdentifier>
      <Extensions>h;hh;hpp;hxx;hm;inl;inc;xsd</Extensions>
    </Filter>
    <Filter Include="Data">
      <UniqueIdentifier>{7d6a9cef-7fd6-4978-90c4-24820f33017f}</UniqueIdentifier>
    </Filter>
    <Filter Include="Data\Shaders">
      <UniqueIdentifier>{9900af08-fce4-4258-a506-dc1acd475bf7}</UniqueIdentifier>
      <Extensions>hlsl</Extensions>
    </Filter>
    <Filter Include="Data\Resource Files">
      <UniqueIdentifier>{67DA6AB6-F800-4c08-8B7A-83BB121AAD01}</UniqueIdentifier>
      <Extensions>rc;ico;cur;bmp;dlg;rc2;rct;bin;rgs;gif;jpg;jpeg;jpe;resx;tiff;tif;png;wav;mfcribbon-ms</Extensions>
    </Filter>
    <Filter Include="Data\Shaders\Pixel">
      <UniqueIdentifier>{0dd024dd-b4aa-4901-8467-cacef41ff0d1}</UniqueIdentifier>
    </Filter>
    <Filter Include="Data\Shaders\Vertex">
      <UniqueIdentifier>{4e07270d-2b6a-4293-a75b-2be03c5f9f73}</UniqueIdentifier>
    </Filter>
    <Filter Include="Data\Shaders\Compute">
      <UniqueIdentifier>{3812e5a9-1588-4f2b-a1e0-ebc101590fc6}</UniqueIdentifier>
    </Filter>
    <Filter Include="Data\Shaders\Domain">
      <UniqueIdentifier>{22da8dd7-ac46-48b4-94f3-5b140887ead8}</UniqueIdentifier>
    </Filter>
    <Filter Include="Data\Shaders\Hull">
      <UniqueIdentifier>{82e2dd8e-3655-42f8-a23a-c5f21b24340d}</UniqueIdentifier>
    </Filter>
    <Filter Include="Data\Shaders\Geometry">
      <UniqueIdentifier>{3b4499c5-fbf8-44e7-a2eb-84960f5b569e}</UniqueIdentifier>
    </Filter>
    <Filter Include="Data\Shaders\Helpers">
      <UniqueIdentifier>{8a50244f-b7a7-41de-aa0e-8445ccfdf5dc}</UniqueIdentifier>
    </Filter>
  </ItemGroup>
  <ItemGroup>
    <ClCompile Include="src\DirectXPCH.cpp">
      <Filter>Source Files</Filter>
    </ClCompile>
    <ClCompile Include="src\GameTimer.cpp">
      <Filter>Source Files</Filter>
    </ClCompile>
    <ClCompile Include="src\Camera.cpp">
      <Filter>Source Files</Filter>
    </ClCompile>
    <ClCompile Include="src\Engine.cpp">
      <Filter>Source Files</Filter>
    </ClCompile>
    <ClCompile Include="src\TextureManager.cpp">
      <Filter>Source Files</Filter>
    </ClCompile>
    <ClCompile Include="src\main.cpp">
      <Filter>Source Files</Filter>
    </ClCompile>
    <ClCompile Include="src\GraphicsManager.cpp">
      <Filter>Source Files</Filter>
    </ClCompile>
    <ClCompile Include="src\Direct3DManager.cpp">
      <Filter>Source Files</Filter>
    </ClCompile>
    <ClCompile Include="src\InputManager.cpp">
      <Filter>Source Files</Filter>
    </ClCompile>
    <ClCompile Include="src\Application.cpp">
      <Filter>Source Files</Filter>
    </ClCompile>
    <ClCompile Include="src\WICTextureLoader.cpp">
      <Filter>Source Files</Filter>
    </ClCompile>
    <ClCompile Include="src\Model.cpp">
      <Filter>Source Files</Filter>
    </ClCompile>
    <ClCompile Include="src\Shader.cpp">
      <Filter>Source Files</Filter>
    </ClCompile>
    <ClCompile Include="src\CMesh.cpp">
      <Filter>Source Files</Filter>
    </ClCompile>
    <ClCompile Include="src\CTexture.cpp">
      <Filter>Source Files</Filter>
    </ClCompile>
    <ClCompile Include="src\LightManager.cpp">
      <Filter>Source Files</Filter>
    </ClCompile>
    <ClCompile Include="src\CMaterial.cpp">
      <Filter>Source Files</Filter>
    </ClCompile>
  </ItemGroup>
  <ItemGroup>
    <ClInclude Include="inc\DirectXPCH.h">
      <Filter>Header Files</Filter>
    </ClInclude>
    <ClInclude Include="inc\GameTimer.h">
      <Filter>Header Files</Filter>
    </ClInclude>
    <ClInclude Include="inc\Camera.h">
      <Filter>Header Files</Filter>
    </ClInclude>
    <ClInclude Include="inc\TextureManager.h">
      <Filter>Header Files</Filter>
    </ClInclude>
    <ClInclude Include="inc\Engine.h">
      <Filter>Header Files</Filter>
    </ClInclude>
    <ClInclude Include="inc\GraphicsManager.h">
      <Filter>Header Files</Filter>
    </ClInclude>
    <ClInclude Include="inc\Direct3DManager.h">
      <Filter>Header Files</Filter>
    </ClInclude>
    <ClInclude Include="inc\InputManager.h">
      <Filter>Header Files</Filter>
    </ClInclude>
    <ClInclude Include="inc\Keycodes.h">
      <Filter>Header Files</Filter>
    </ClInclude>
    <ClInclude Include="inc\Application.h">
      <Filter>Header Files</Filter>
    </ClInclude>
    <ClInclude Include="inc\WICTextureLoader.h">
      <Filter>Header Files</Filter>
    </ClInclude>
    <ClInclude Include="inc\Model.h">
      <Filter>Header Files</Filter>
    </ClInclude>
    <ClInclude Include="inc\Shader.h">
      <Filter>Header Files</Filter>
    </ClInclude>
    <ClInclude Include="inc\Vert.h">
      <Filter>Header Files</Filter>
    </ClInclude>
    <ClInclude Include="inc\CMesh.h">
      <Filter>Header Files</Filter>
    </ClInclude>
    <ClInclude Include="inc\CTexture.h">
      <Filter>Header Files</Filter>
    </ClInclude>
    <ClInclude Include="inc\LightManager.h">
      <Filter>Header Files</Filter>
    </ClInclude>
    <ClInclude Include="inc\CMaterial.h">
      <Filter>Header Files</Filter>
    </ClInclude>
  </ItemGroup>
  <ItemGroup>
    <FxCompile Include="data\shaders\LightingPixelShader.hlsl">
      <Filter>Data\Shaders\Pixel</Filter>
    </FxCompile>
    <FxCompile Include="data\shaders\SimplePixelShader.hlsl">
      <Filter>Data\Shaders\Pixel</Filter>
    </FxCompile>
    <FxCompile Include="data\shaders\SimpleVertexShader.hlsl">
      <Filter>Data\Shaders\Vertex</Filter>
    </FxCompile>
    <FxCompile Include="data\shaders\LightingVertexShader.hlsl">
      <Filter>Data\Shaders\Vertex</Filter>
    </FxCompile>
  </ItemGroup>
  <ItemGroup>
    <None Include="data\shaders\LightHelper.hlsli">
      <Filter>Data\Shaders\Helpers</Filter>
    </None>
  </ItemGroup>
</Project>